// !$*UTF8*$!
{
	archiveVersion = 1;
	classes = {
	};
	objectVersion = 55;
	objects = {

/* Begin PBXBuildFile section */
		6E1AD45127D75CD600D6BC30 /* FriendModel.swift in Sources */ = {isa = PBXBuildFile; fileRef = 6E1AD45027D75CD600D6BC30 /* FriendModel.swift */; };
		6E1AD45427D75E4200D6BC30 /* FriendViewModel.swift in Sources */ = {isa = PBXBuildFile; fileRef = 6E1AD45327D75E4200D6BC30 /* FriendViewModel.swift */; };
		6E1AD45727D7731200D6BC30 /* DI.swift in Sources */ = {isa = PBXBuildFile; fileRef = 6E1AD45627D7731200D6BC30 /* DI.swift */; };
		6EAF34F427D65E56004D78EB /* GroupCell.swift in Sources */ = {isa = PBXBuildFile; fileRef = 6EAF34F327D65E56004D78EB /* GroupCell.swift */; };
		6EAF34F927D6662E004D78EB /* FriendView.swift in Sources */ = {isa = PBXBuildFile; fileRef = 6EAF34F827D6662E004D78EB /* FriendView.swift */; };
		6EAF34FF27D67A7B004D78EB /* GroupsView.swift in Sources */ = {isa = PBXBuildFile; fileRef = 6EAF34FE27D67A7B004D78EB /* GroupsView.swift */; };
		6EAF350227D6818E004D78EB /* TabBarView.swift in Sources */ = {isa = PBXBuildFile; fileRef = 6EAF350127D6818E004D78EB /* TabBarView.swift */; };
		6EAF350427D68B3B004D78EB /* CustomShape.swift in Sources */ = {isa = PBXBuildFile; fileRef = 6EAF350327D68B3B004D78EB /* CustomShape.swift */; };
		6EB6CD9927D652FF00583BF3 /* FriendCell.swift in Sources */ = {isa = PBXBuildFile; fileRef = 6EB6CD9827D652FF00583BF3 /* FriendCell.swift */; };
		6EE87AC527CD613F003B6B72 /* VKAppSwiftUIApp.swift in Sources */ = {isa = PBXBuildFile; fileRef = 6EE87AC427CD613F003B6B72 /* VKAppSwiftUIApp.swift */; };
		6EE87AC727CD613F003B6B72 /* ContentView.swift in Sources */ = {isa = PBXBuildFile; fileRef = 6EE87AC627CD613F003B6B72 /* ContentView.swift */; };
		6EE87AC927CD6141003B6B72 /* Assets.xcassets in Resources */ = {isa = PBXBuildFile; fileRef = 6EE87AC827CD6141003B6B72 /* Assets.xcassets */; };
		6EE87ACC27CD6141003B6B72 /* Preview Assets.xcassets in Resources */ = {isa = PBXBuildFile; fileRef = 6EE87ACB27CD6141003B6B72 /* Preview Assets.xcassets */; };
/* End PBXBuildFile section */

/* Begin PBXFileReference section */
		6E1AD45027D75CD600D6BC30 /* FriendModel.swift */ = {isa = PBXFileReference; lastKnownFileType = sourcecode.swift; path = FriendModel.swift; sourceTree = "<group>"; };
		6E1AD45327D75E4200D6BC30 /* FriendViewModel.swift */ = {isa = PBXFileReference; lastKnownFileType = sourcecode.swift; path = FriendViewModel.swift; sourceTree = "<group>"; };
		6E1AD45627D7731200D6BC30 /* DI.swift */ = {isa = PBXFileReference; lastKnownFileType = sourcecode.swift; path = DI.swift; sourceTree = "<group>"; };
		6EAF34F327D65E56004D78EB /* GroupCell.swift */ = {isa = PBXFileReference; lastKnownFileType = sourcecode.swift; path = GroupCell.swift; sourceTree = "<group>"; };
		6EAF34F827D6662E004D78EB /* FriendView.swift */ = {isa = PBXFileReference; lastKnownFileType = sourcecode.swift; path = FriendView.swift; sourceTree = "<group>"; };
		6EAF34FE27D67A7B004D78EB /* GroupsView.swift */ = {isa = PBXFileReference; lastKnownFileType = sourcecode.swift; path = GroupsView.swift; sourceTree = "<group>"; };
		6EAF350127D6818E004D78EB /* TabBarView.swift */ = {isa = PBXFileReference; lastKnownFileType = sourcecode.swift; path = TabBarView.swift; sourceTree = "<group>"; };
		6EAF350327D68B3B004D78EB /* CustomShape.swift */ = {isa = PBXFileReference; lastKnownFileType = sourcecode.swift; path = CustomShape.swift; sourceTree = "<group>"; };
		6EB6CD9827D652FF00583BF3 /* FriendCell.swift */ = {isa = PBXFileReference; lastKnownFileType = sourcecode.swift; path = FriendCell.swift; sourceTree = "<group>"; };
		6EE87AC127CD613F003B6B72 /* VKAppSwiftUI.app */ = {isa = PBXFileReference; explicitFileType = wrapper.application; includeInIndex = 0; path = VKAppSwiftUI.app; sourceTree = BUILT_PRODUCTS_DIR; };
		6EE87AC427CD613F003B6B72 /* VKAppSwiftUIApp.swift */ = {isa = PBXFileReference; lastKnownFileType = sourcecode.swift; path = VKAppSwiftUIApp.swift; sourceTree = "<group>"; };
		6EE87AC627CD613F003B6B72 /* ContentView.swift */ = {isa = PBXFileReference; lastKnownFileType = sourcecode.swift; path = ContentView.swift; sourceTree = "<group>"; };
		6EE87AC827CD6141003B6B72 /* Assets.xcassets */ = {isa = PBXFileReference; lastKnownFileType = folder.assetcatalog; path = Assets.xcassets; sourceTree = "<group>"; };
		6EE87ACB27CD6141003B6B72 /* Preview Assets.xcassets */ = {isa = PBXFileReference; lastKnownFileType = folder.assetcatalog; path = "Preview Assets.xcassets"; sourceTree = "<group>"; };
/* End PBXFileReference section */

/* Begin PBXFrameworksBuildPhase section */
		6EE87ABE27CD613F003B6B72 /* Frameworks */ = {
			isa = PBXFrameworksBuildPhase;
			buildActionMask = 2147483647;
			files = (
			);
			runOnlyForDeploymentPostprocessing = 0;
		};
/* End PBXFrameworksBuildPhase section */

/* Begin PBXGroup section */
		6E1AD44D27D75C6400D6BC30 /* View */ = {
			isa = PBXGroup;
			children = (
				6EAF34F227D65E48004D78EB /* Cell */,
				6EAF34FE27D67A7B004D78EB /* GroupsView.swift */,
			);
			path = View;
			sourceTree = "<group>";
		};
		6E1AD44E27D75C6B00D6BC30 /* View */ = {
			isa = PBXGroup;
			children = (
				6EB6CD9527D6521B00583BF3 /* Cell */,
				6EAF34F827D6662E004D78EB /* FriendView.swift */,
			);
			path = View;
			sourceTree = "<group>";
		};
		6E1AD44F27D75C7700D6BC30 /* Model */ = {
			isa = PBXGroup;
			children = (
				6E1AD45027D75CD600D6BC30 /* FriendModel.swift */,
			);
			path = Model;
			sourceTree = "<group>";
		};
		6E1AD45227D75E1D00D6BC30 /* ViewModel */ = {
			isa = PBXGroup;
			children = (
				6E1AD45327D75E4200D6BC30 /* FriendViewModel.swift */,
			);
			path = ViewModel;
			sourceTree = "<group>";
		};
		6E1AD45527D7730100D6BC30 /* DI */ = {
			isa = PBXGroup;
			children = (
				6E1AD45627D7731200D6BC30 /* DI.swift */,
			);
			path = DI;
			sourceTree = "<group>";
		};
		6EAF34F227D65E48004D78EB /* Cell */ = {
			isa = PBXGroup;
			children = (
				6EAF34F327D65E56004D78EB /* GroupCell.swift */,
			);
			path = Cell;
			sourceTree = "<group>";
		};
		6EAF350027D6816D004D78EB /* TabBar */ = {
			isa = PBXGroup;
			children = (
				6EAF350127D6818E004D78EB /* TabBarView.swift */,
				6EAF350327D68B3B004D78EB /* CustomShape.swift */,
			);
			path = TabBar;
			sourceTree = "<group>";
		};
		6EB6CD9527D6521B00583BF3 /* Cell */ = {
			isa = PBXGroup;
			children = (
				6EB6CD9827D652FF00583BF3 /* FriendCell.swift */,
			);
			path = Cell;
			sourceTree = "<group>";
		};
		6EB6CD9627D652DF00583BF3 /* Friends */ = {
			isa = PBXGroup;
			children = (
				6E1AD45227D75E1D00D6BC30 /* ViewModel */,
				6E1AD44F27D75C7700D6BC30 /* Model */,
				6E1AD44E27D75C6B00D6BC30 /* View */,
			);
			path = Friends;
			sourceTree = "<group>";
		};
		6EB6CD9727D652E900583BF3 /* Groups */ = {
			isa = PBXGroup;
			children = (
				6E1AD44D27D75C6400D6BC30 /* View */,
			);
			path = Groups;
			sourceTree = "<group>";
		};
		6EE87AB827CD613F003B6B72 = {
			isa = PBXGroup;
			children = (
				6EE87AC327CD613F003B6B72 /* VKAppSwiftUI */,
				6EE87AC227CD613F003B6B72 /* Products */,
			);
			sourceTree = "<group>";
		};
		6EE87AC227CD613F003B6B72 /* Products */ = {
			isa = PBXGroup;
			children = (
				6EE87AC127CD613F003B6B72 /* VKAppSwiftUI.app */,
			);
			name = Products;
			sourceTree = "<group>";
		};
		6EE87AC327CD613F003B6B72 /* VKAppSwiftUI */ = {
			isa = PBXGroup;
			children = (
				6E1AD45527D7730100D6BC30 /* DI */,
				6EAF350027D6816D004D78EB /* TabBar */,
				6EB6CD9727D652E900583BF3 /* Groups */,
				6EB6CD9627D652DF00583BF3 /* Friends */,
				6EE87AC427CD613F003B6B72 /* VKAppSwiftUIApp.swift */,
				6EE87AC627CD613F003B6B72 /* ContentView.swift */,
				6EE87AC827CD6141003B6B72 /* Assets.xcassets */,
				6EE87ACA27CD6141003B6B72 /* Preview Content */,
			);
			path = VKAppSwiftUI;
			sourceTree = "<group>";
		};
		6EE87ACA27CD6141003B6B72 /* Preview Content */ = {
			isa = PBXGroup;
			children = (
				6EE87ACB27CD6141003B6B72 /* Preview Assets.xcassets */,
			);
			path = "Preview Content";
			sourceTree = "<group>";
		};
/* End PBXGroup section */

/* Begin PBXNativeTarget section */
		6EE87AC027CD613F003B6B72 /* VKAppSwiftUI */ = {
			isa = PBXNativeTarget;
			buildConfigurationList = 6EE87ACF27CD6141003B6B72 /* Build configuration list for PBXNativeTarget "VKAppSwiftUI" */;
			buildPhases = (
				6EE87ABD27CD613F003B6B72 /* Sources */,
				6EE87ABE27CD613F003B6B72 /* Frameworks */,
				6EE87ABF27CD613F003B6B72 /* Resources */,
			);
			buildRules = (
			);
			dependencies = (
			);
			name = VKAppSwiftUI;
			productName = VKAppSwiftUI;
			productReference = 6EE87AC127CD613F003B6B72 /* VKAppSwiftUI.app */;
			productType = "com.apple.product-type.application";
		};
/* End PBXNativeTarget section */

/* Begin PBXProject section */
		6EE87AB927CD613F003B6B72 /* Project object */ = {
			isa = PBXProject;
			attributes = {
				BuildIndependentTargetsInParallel = 1;
				LastSwiftUpdateCheck = 1320;
				LastUpgradeCheck = 1320;
				TargetAttributes = {
					6EE87AC027CD613F003B6B72 = {
						CreatedOnToolsVersion = 13.2.1;
					};
				};
			};
			buildConfigurationList = 6EE87ABC27CD613F003B6B72 /* Build configuration list for PBXProject "VKAppSwiftUI" */;
			compatibilityVersion = "Xcode 13.0";
			developmentRegion = en;
			hasScannedForEncodings = 0;
			knownRegions = (
				en,
				Base,
			);
			mainGroup = 6EE87AB827CD613F003B6B72;
			productRefGroup = 6EE87AC227CD613F003B6B72 /* Products */;
			projectDirPath = "";
			projectRoot = "";
			targets = (
				6EE87AC027CD613F003B6B72 /* VKAppSwiftUI */,
			);
		};
/* End PBXProject section */

/* Begin PBXResourcesBuildPhase section */
		6EE87ABF27CD613F003B6B72 /* Resources */ = {
			isa = PBXResourcesBuildPhase;
			buildActionMask = 2147483647;
			files = (
				6EE87ACC27CD6141003B6B72 /* Preview Assets.xcassets in Resources */,
				6EE87AC927CD6141003B6B72 /* Assets.xcassets in Resources */,
			);
			runOnlyForDeploymentPostprocessing = 0;
		};
/* End PBXResourcesBuildPhase section */

/* Begin PBXSourcesBuildPhase section */
		6EE87ABD27CD613F003B6B72 /* Sources */ = {
			isa = PBXSourcesBuildPhase;
			buildActionMask = 2147483647;
			files = (
				6E1AD45427D75E4200D6BC30 /* FriendViewModel.swift in Sources */,
				6EAF350427D68B3B004D78EB /* CustomShape.swift in Sources */,
				6EAF34FF27D67A7B004D78EB /* GroupsView.swift in Sources */,
				6EE87AC727CD613F003B6B72 /* ContentView.swift in Sources */,
				6E1AD45727D7731200D6BC30 /* DI.swift in Sources */,
				6EAF350227D6818E004D78EB /* TabBarView.swift in Sources */,
				6E1AD45127D75CD600D6BC30 /* FriendModel.swift in Sources */,
				6EE87AC527CD613F003B6B72 /* VKAppSwiftUIApp.swift in Sources */,
				6EB6CD9927D652FF00583BF3 /* FriendCell.swift in Sources */,
				6EAF34F927D6662E004D78EB /* FriendView.swift in Sources */,
				6EAF34F427D65E56004D78EB /* GroupCell.swift in Sources */,
			);
			runOnlyForDeploymentPostprocessing = 0;
		};
/* End PBXSourcesBuildPhase section */

/* Begin XCBuildConfiguration section */
		6EE87ACD27CD6141003B6B72 /* Debug */ = {
			isa = XCBuildConfiguration;
			buildSettings = {
				ALWAYS_SEARCH_USER_PATHS = NO;
				CLANG_ANALYZER_NONNULL = YES;
				CLANG_ANALYZER_NUMBER_OBJECT_CONVERSION = YES_AGGRESSIVE;
				CLANG_CXX_LANGUAGE_STANDARD = "gnu++17";
				CLANG_CXX_LIBRARY = "libc++";
				CLANG_ENABLE_MODULES = YES;
				CLANG_ENABLE_OBJC_ARC = YES;
				CLANG_ENABLE_OBJC_WEAK = YES;
				CLANG_WARN_BLOCK_CAPTURE_AUTORELEASING = YES;
				CLANG_WARN_BOOL_CONVERSION = YES;
				CLANG_WARN_COMMA = YES;
				CLANG_WARN_CONSTANT_CONVERSION = YES;
				CLANG_WARN_DEPRECATED_OBJC_IMPLEMENTATIONS = YES;
				CLANG_WARN_DIRECT_OBJC_ISA_USAGE = YES_ERROR;
				CLANG_WARN_DOCUMENTATION_COMMENTS = YES;
				CLANG_WARN_EMPTY_BODY = YES;
				CLANG_WARN_ENUM_CONVERSION = YES;
				CLANG_WARN_INFINITE_RECURSION = YES;
				CLANG_WARN_INT_CONVERSION = YES;
				CLANG_WARN_NON_LITERAL_NULL_CONVERSION = YES;
				CLANG_WARN_OBJC_IMPLICIT_RETAIN_SELF = YES;
				CLANG_WARN_OBJC_LITERAL_CONVERSION = YES;
				CLANG_WARN_OBJC_ROOT_CLASS = YES_ERROR;
				CLANG_WARN_QUOTED_INCLUDE_IN_FRAMEWORK_HEADER = YES;
				CLANG_WARN_RANGE_LOOP_ANALYSIS = YES;
				CLANG_WARN_STRICT_PROTOTYPES = YES;
				CLANG_WARN_SUSPICIOUS_MOVE = YES;
				CLANG_WARN_UNGUARDED_AVAILABILITY = YES_AGGRESSIVE;
				CLANG_WARN_UNREACHABLE_CODE = YES;
				CLANG_WARN__DUPLICATE_METHOD_MATCH = YES;
				COPY_PHASE_STRIP = NO;
				DEBUG_INFORMATION_FORMAT = dwarf;
				ENABLE_STRICT_OBJC_MSGSEND = YES;
				ENABLE_TESTABILITY = YES;
				GCC_C_LANGUAGE_STANDARD = gnu11;
				GCC_DYNAMIC_NO_PIC = NO;
				GCC_NO_COMMON_BLOCKS = YES;
				GCC_OPTIMIZATION_LEVEL = 0;
				GCC_PREPROCESSOR_DEFINITIONS = (
					"DEBUG=1",
					"$(inherited)",
				);
				GCC_WARN_64_TO_32_BIT_CONVERSION = YES;
				GCC_WARN_ABOUT_RETURN_TYPE = YES_ERROR;
				GCC_WARN_UNDECLARED_SELECTOR = YES;
				GCC_WARN_UNINITIALIZED_AUTOS = YES_AGGRESSIVE;
				GCC_WARN_UNUSED_FUNCTION = YES;
				GCC_WARN_UNUSED_VARIABLE = YES;
				IPHONEOS_DEPLOYMENT_TARGET = 15.2;
				MTL_ENABLE_DEBUG_INFO = INCLUDE_SOURCE;
				MTL_FAST_MATH = YES;
				ONLY_ACTIVE_ARCH = YES;
				SDKROOT = iphoneos;
				SWIFT_ACTIVE_COMPILATION_CONDITIONS = DEBUG;
				SWIFT_OPTIMIZATION_LEVEL = "-Onone";
			};
			name = Debug;
		};
		6EE87ACE27CD6141003B6B72 /* Release */ = {
			isa = XCBuildConfiguration;
			buildSettings = {
				ALWAYS_SEARCH_USER_PATHS = NO;
				CLANG_ANALYZER_NONNULL = YES;
				CLANG_ANALYZER_NUMBER_OBJECT_CONVERSION = YES_AGGRESSIVE;
				CLANG_CXX_LANGUAGE_STANDARD = "gnu++17";
				CLANG_CXX_LIBRARY = "libc++";
				CLANG_ENABLE_MODULES = YES;
				CLANG_ENABLE_OBJC_ARC = YES;
				CLANG_ENABLE_OBJC_WEAK = YES;
				CLANG_WARN_BLOCK_CAPTURE_AUTORELEASING = YES;
				CLANG_WARN_BOOL_CONVERSION = YES;
				CLANG_WARN_COMMA = YES;
				CLANG_WARN_CONSTANT_CONVERSION = YES;
				CLANG_WARN_DEPRECATED_OBJC_IMPLEMENTATIONS = YES;
				CLANG_WARN_DIRECT_OBJC_ISA_USAGE = YES_ERROR;
				CLANG_WARN_DOCUMENTATION_COMMENTS = YES;
				CLANG_WARN_EMPTY_BODY = YES;
				CLANG_WARN_ENUM_CONVERSION = YES;
				CLANG_WARN_INFINITE_RECURSION = YES;
				CLANG_WARN_INT_CONVERSION = YES;
				CLANG_WARN_NON_LITERAL_NULL_CONVERSION = YES;
				CLANG_WARN_OBJC_IMPLICIT_RETAIN_SELF = YES;
				CLANG_WARN_OBJC_LITERAL_CONVERSION = YES;
				CLANG_WARN_OBJC_ROOT_CLASS = YES_ERROR;
				CLANG_WARN_QUOTED_INCLUDE_IN_FRAMEWORK_HEADER = YES;
				CLANG_WARN_RANGE_LOOP_ANALYSIS = YES;
				CLANG_WARN_STRICT_PROTOTYPES = YES;
				CLANG_WARN_SUSPICIOUS_MOVE = YES;
				CLANG_WARN_UNGUARDED_AVAILABILITY = YES_AGGRESSIVE;
				CLANG_WARN_UNREACHABLE_CODE = YES;
				CLANG_WARN__DUPLICATE_METHOD_MATCH = YES;
				COPY_PHASE_STRIP = NO;
				DEBUG_INFORMATION_FORMAT = "dwarf-with-dsym";
				ENABLE_NS_ASSERTIONS = NO;
				ENABLE_STRICT_OBJC_MSGSEND = YES;
				GCC_C_LANGUAGE_STANDARD = gnu11;
				GCC_NO_COMMON_BLOCKS = YES;
				GCC_WARN_64_TO_32_BIT_CONVERSION = YES;
				GCC_WARN_ABOUT_RETURN_TYPE = YES_ERROR;
				GCC_WARN_UNDECLARED_SELECTOR = YES;
				GCC_WARN_UNINITIALIZED_AUTOS = YES_AGGRESSIVE;
				GCC_WARN_UNUSED_FUNCTION = YES;
				GCC_WARN_UNUSED_VARIABLE = YES;
				IPHONEOS_DEPLOYMENT_TARGET = 15.2;
				MTL_ENABLE_DEBUG_INFO = NO;
				MTL_FAST_MATH = YES;
				SDKROOT = iphoneos;
				SWIFT_COMPILATION_MODE = wholemodule;
				SWIFT_OPTIMIZATION_LEVEL = "-O";
				VALIDATE_PRODUCT = YES;
			};
			name = Release;
		};
		6EE87AD027CD6141003B6B72 /* Debug */ = {
			isa = XCBuildConfiguration;
			buildSettings = {
				ASSETCATALOG_COMPILER_APPICON_NAME = AppIcon;
				ASSETCATALOG_COMPILER_GLOBAL_ACCENT_COLOR_NAME = AccentColor;
				CODE_SIGN_STYLE = Automatic;
				CURRENT_PROJECT_VERSION = 1;
				DEVELOPMENT_ASSET_PATHS = "\"VKAppSwiftUI/Preview Content\"";
				DEVELOPMENT_TEAM = 7BMH97S98D;
				ENABLE_PREVIEWS = YES;
				GENERATE_INFOPLIST_FILE = YES;
				INFOPLIST_KEY_UIApplicationSceneManifest_Generation = YES;
				INFOPLIST_KEY_UIApplicationSupportsIndirectInputEvents = YES;
				INFOPLIST_KEY_UILaunchScreen_Generation = YES;
				INFOPLIST_KEY_UISupportedInterfaceOrientations_iPad = "UIInterfaceOrientationPortrait UIInterfaceOrientationPortraitUpsideDown UIInterfaceOrientationLandscapeLeft UIInterfaceOrientationLandscapeRight";
				INFOPLIST_KEY_UISupportedInterfaceOrientations_iPhone = "UIInterfaceOrientationPortrait UIInterfaceOrientationLandscapeLeft UIInterfaceOrientationLandscapeRight";
				LD_RUNPATH_SEARCH_PATHS = (
					"$(inherited)",
					"@executable_path/Frameworks",
				);
				MARKETING_VERSION = 1.0;
				PRODUCT_BUNDLE_IDENTIFIER = app.VKAppSwiftUI;
				PRODUCT_NAME = "$(TARGET_NAME)";
				SWIFT_EMIT_LOC_STRINGS = YES;
				SWIFT_VERSION = 5.0;
				TARGETED_DEVICE_FAMILY = "1,2";
			};
			name = Debug;
		};
		6EE87AD127CD6141003B6B72 /* Release */ = {
			isa = XCBuildConfiguration;
			buildSettings = {
				ASSETCATALOG_COMPILER_APPICON_NAME = AppIcon;
				ASSETCATALOG_COMPILER_GLOBAL_ACCENT_COLOR_NAME = AccentColor;
				CODE_SIGN_STYLE = Automatic;
				CURRENT_PROJECT_VERSION = 1;
				DEVELOPMENT_ASSET_PATHS = "\"VKAppSwiftUI/Preview Content\"";
				DEVELOPMENT_TEAM = 7BMH97S98D;
				ENABLE_PREVIEWS = YES;
				GENERATE_INFOPLIST_FILE = YES;
				INFOPLIST_KEY_UIApplicationSceneManifest_Generation = YES;
				INFOPLIST_KEY_UIApplicationSupportsIndirectInputEvents = YES;
				INFOPLIST_KEY_UILaunchScreen_Generation = YES;
				INFOPLIST_KEY_UISupportedInterfaceOrientations_iPad = "UIInterfaceOrientationPortrait UIInterfaceOrientationPortraitUpsideDown UIInterfaceOrientationLandscapeLeft UIInterfaceOrientationLandscapeRight";
				INFOPLIST_KEY_UISupportedInterfaceOrientations_iPhone = "UIInterfaceOrientationPortrait UIInterfaceOrientationLandscapeLeft UIInterfaceOrientationLandscapeRight";
				LD_RUNPATH_SEARCH_PATHS = (
					"$(inherited)",
					"@executable_path/Frameworks",
				);
				MARKETING_VERSION = 1.0;
				PRODUCT_BUNDLE_IDENTIFIER = app.VKAppSwiftUI;
				PRODUCT_NAME = "$(TARGET_NAME)";
				SWIFT_EMIT_LOC_STRINGS = YES;
				SWIFT_VERSION = 5.0;
				TARGETED_DEVICE_FAMILY = "1,2";
			};
			name = Release;
		};
/* End XCBuildConfiguration section */

/* Begin XCConfigurationList section */
		6EE87ABC27CD613F003B6B72 /* Build configuration list for PBXProject "VKAppSwiftUI" */ = {
			isa = XCConfigurationList;
			buildConfigurations = (
				6EE87ACD27CD6141003B6B72 /* Debug */,
				6EE87ACE27CD6141003B6B72 /* Release */,
			);
			defaultConfigurationIsVisible = 0;
			defaultConfigurationName = Release;
		};
		6EE87ACF27CD6141003B6B72 /* Build configuration list for PBXNativeTarget "VKAppSwiftUI" */ = {
			isa = XCConfigurationList;
			buildConfigurations = (
				6EE87AD027CD6141003B6B72 /* Debug */,
				6EE87AD127CD6141003B6B72 /* Release */,
			);
			defaultConfigurationIsVisible = 0;
			defaultConfigurationName = Release;
		};
/* End XCConfigurationList section */
	};
	rootObject = 6EE87AB927CD613F003B6B72 /* Project object */;
}
